// !$*UTF8*$!
{
	archiveVersion = 1;
	classes = {
	};
	objectVersion = 51;
	objects = {

/* Begin PBXBuildFile section */
		5020DFDF1499AEB597D7A03B /* libPods-test.a in Frameworks */ = {isa = PBXBuildFile; fileRef = 96CA0FE89C7AE61308DCC9C7 /* libPods-test.a */; };
		D13CA8442340515700F9DE0B /* demo说明.txt in Resources */ = {isa = PBXBuildFile; fileRef = D13CA8432340515700F9DE0B /* demo说明.txt */; };
		D19881F82333252000AE84C0 /* ApiBase.m in Sources */ = {isa = PBXBuildFile; fileRef = D19881F62333251F00AE84C0 /* ApiBase.m */; };
		D19881FB2333284000AE84C0 /* DAApiBase.m in Sources */ = {isa = PBXBuildFile; fileRef = D19881F92333284000AE84C0 /* DAApiBase.m */; };
		D198820023335EE200AE84C0 /* DATool.m in Sources */ = {isa = PBXBuildFile; fileRef = D19881FF23335EE200AE84C0 /* DATool.m */; };
		D1ED2BD622C9FE8E0081BC26 /* AppDelegate.m in Sources */ = {isa = PBXBuildFile; fileRef = D1ED2BD522C9FE8E0081BC26 /* AppDelegate.m */; };
		D1ED2BD922C9FE8E0081BC26 /* ViewController.m in Sources */ = {isa = PBXBuildFile; fileRef = D1ED2BD822C9FE8E0081BC26 /* ViewController.m */; };
		D1ED2BDC22C9FE8E0081BC26 /* Main.storyboard in Resources */ = {isa = PBXBuildFile; fileRef = D1ED2BDA22C9FE8E0081BC26 /* Main.storyboard */; };
		D1ED2BDE22C9FE8F0081BC26 /* Assets.xcassets in Resources */ = {isa = PBXBuildFile; fileRef = D1ED2BDD22C9FE8F0081BC26 /* Assets.xcassets */; };
		D1ED2BE122C9FE8F0081BC26 /* LaunchScreen.storyboard in Resources */ = {isa = PBXBuildFile; fileRef = D1ED2BDF22C9FE8F0081BC26 /* LaunchScreen.storyboard */; };
		D1ED2BE422C9FE8F0081BC26 /* main.m in Sources */ = {isa = PBXBuildFile; fileRef = D1ED2BE322C9FE8F0081BC26 /* main.m */; };
		D1ED2BEC22C9FEA30081BC26 /* SecondViewController.m in Sources */ = {isa = PBXBuildFile; fileRef = D1ED2BEA22C9FEA30081BC26 /* SecondViewController.m */; };
		D1F0BEFF2406538B00B231A6 /* cpuUsageTool.m in Sources */ = {isa = PBXBuildFile; fileRef = D1F0BEFE2406538B00B231A6 /* cpuUsageTool.m */; };
		D1F0BF02240654B700B231A6 /* CircleView.m in Sources */ = {isa = PBXBuildFile; fileRef = D1F0BF01240654B700B231A6 /* CircleView.m */; };
/* End PBXBuildFile section */

/* Begin PBXFileReference section */
		138627996849F038D7052A9E /* Pods-test.adhoc.xcconfig */ = {isa = PBXFileReference; includeInIndex = 1; lastKnownFileType = text.xcconfig; name = "Pods-test.adhoc.xcconfig"; path = "Target Support Files/Pods-test/Pods-test.adhoc.xcconfig"; sourceTree = "<group>"; };
		6406EA592D2A78699F6E9D33 /* Pods-test.release.xcconfig */ = {isa = PBXFileReference; includeInIndex = 1; lastKnownFileType = text.xcconfig; name = "Pods-test.release.xcconfig"; path = "Target Support Files/Pods-test/Pods-test.release.xcconfig"; sourceTree = "<group>"; };
		96CA0FE89C7AE61308DCC9C7 /* libPods-test.a */ = {isa = PBXFileReference; explicitFileType = archive.ar; includeInIndex = 0; path = "libPods-test.a"; sourceTree = BUILT_PRODUCTS_DIR; };
		9DCD6A271F7F9ACFF55A9478 /* Pods-test.debug.xcconfig */ = {isa = PBXFileReference; includeInIndex = 1; lastKnownFileType = text.xcconfig; name = "Pods-test.debug.xcconfig"; path = "Target Support Files/Pods-test/Pods-test.debug.xcconfig"; sourceTree = "<group>"; };
		D13CA8432340515700F9DE0B /* demo说明.txt */ = {isa = PBXFileReference; fileEncoding = 4; lastKnownFileType = text; path = "demo说明.txt"; sourceTree = SOURCE_ROOT; };
		D174F12B23321B0300FF1598 /* test.pch */ = {isa = PBXFileReference; lastKnownFileType = sourcecode.c.h; path = test.pch; sourceTree = "<group>"; };
		D19881F62333251F00AE84C0 /* ApiBase.m */ = {isa = PBXFileReference; fileEncoding = 4; lastKnownFileType = sourcecode.c.objc; path = ApiBase.m; sourceTree = "<group>"; };
		D19881F72333251F00AE84C0 /* ApiBase.h */ = {isa = PBXFileReference; fileEncoding = 4; lastKnownFileType = sourcecode.c.h; path = ApiBase.h; sourceTree = "<group>"; };
		D19881F92333284000AE84C0 /* DAApiBase.m */ = {isa = PBXFileReference; fileEncoding = 4; lastKnownFileType = sourcecode.c.objc; path = DAApiBase.m; sourceTree = "<group>"; };
		D19881FA2333284000AE84C0 /* DAApiBase.h */ = {isa = PBXFileReference; fileEncoding = 4; lastKnownFileType = sourcecode.c.h; path = DAApiBase.h; sourceTree = "<group>"; };
		D19881FC23332A2000AE84C0 /* MicroConst.h */ = {isa = PBXFileReference; lastKnownFileType = sourcecode.c.h; path = MicroConst.h; sourceTree = "<group>"; };
		D19881FE23335EE200AE84C0 /* DATool.h */ = {isa = PBXFileReference; lastKnownFileType = sourcecode.c.h; path = DATool.h; sourceTree = "<group>"; };
		D19881FF23335EE200AE84C0 /* DATool.m */ = {isa = PBXFileReference; lastKnownFileType = sourcecode.c.objc; path = DATool.m; sourceTree = "<group>"; };
		D1ED2BD122C9FE8E0081BC26 /* test.app */ = {isa = PBXFileReference; explicitFileType = wrapper.application; includeInIndex = 0; path = test.app; sourceTree = BUILT_PRODUCTS_DIR; };
		D1ED2BD422C9FE8E0081BC26 /* AppDelegate.h */ = {isa = PBXFileReference; lastKnownFileType = sourcecode.c.h; path = AppDelegate.h; sourceTree = "<group>"; };
		D1ED2BD522C9FE8E0081BC26 /* AppDelegate.m */ = {isa = PBXFileReference; lastKnownFileType = sourcecode.c.objc; path = AppDelegate.m; sourceTree = "<group>"; };
		D1ED2BD722C9FE8E0081BC26 /* ViewController.h */ = {isa = PBXFileReference; lastKnownFileType = sourcecode.c.h; path = ViewController.h; sourceTree = "<group>"; };
		D1ED2BD822C9FE8E0081BC26 /* ViewController.m */ = {isa = PBXFileReference; lastKnownFileType = sourcecode.c.objc; path = ViewController.m; sourceTree = "<group>"; };
		D1ED2BDB22C9FE8E0081BC26 /* Base */ = {isa = PBXFileReference; lastKnownFileType = file.storyboard; name = Base; path = Base.lproj/Main.storyboard; sourceTree = "<group>"; };
		D1ED2BDD22C9FE8F0081BC26 /* Assets.xcassets */ = {isa = PBXFileReference; lastKnownFileType = folder.assetcatalog; path = Assets.xcassets; sourceTree = "<group>"; };
		D1ED2BE022C9FE8F0081BC26 /* Base */ = {isa = PBXFileReference; lastKnownFileType = file.storyboard; name = Base; path = Base.lproj/LaunchScreen.storyboard; sourceTree = "<group>"; };
		D1ED2BE222C9FE8F0081BC26 /* Info.plist */ = {isa = PBXFileReference; lastKnownFileType = text.plist.xml; path = Info.plist; sourceTree = "<group>"; };
		D1ED2BE322C9FE8F0081BC26 /* main.m */ = {isa = PBXFileReference; lastKnownFileType = sourcecode.c.objc; path = main.m; sourceTree = "<group>"; };
		D1ED2BEA22C9FEA30081BC26 /* SecondViewController.m */ = {isa = PBXFileReference; fileEncoding = 4; lastKnownFileType = sourcecode.c.objc; path = SecondViewController.m; sourceTree = "<group>"; };
		D1ED2BEB22C9FEA30081BC26 /* SecondViewController.h */ = {isa = PBXFileReference; fileEncoding = 4; lastKnownFileType = sourcecode.c.h; path = SecondViewController.h; sourceTree = "<group>"; };
		D1F0BEFD2406538B00B231A6 /* cpuUsageTool.h */ = {isa = PBXFileReference; lastKnownFileType = sourcecode.c.h; path = cpuUsageTool.h; sourceTree = "<group>"; };
		D1F0BEFE2406538B00B231A6 /* cpuUsageTool.m */ = {isa = PBXFileReference; lastKnownFileType = sourcecode.c.objc; path = cpuUsageTool.m; sourceTree = "<group>"; };
		D1F0BF00240654B700B231A6 /* CircleView.h */ = {isa = PBXFileReference; fileEncoding = 4; lastKnownFileType = sourcecode.c.h; path = CircleView.h; sourceTree = "<group>"; };
		D1F0BF01240654B700B231A6 /* CircleView.m */ = {isa = PBXFileReference; fileEncoding = 4; lastKnownFileType = sourcecode.c.objc; path = CircleView.m; sourceTree = "<group>"; };
/* End PBXFileReference section */

/* Begin PBXFrameworksBuildPhase section */
		D1ED2BCE22C9FE8E0081BC26 /* Frameworks */ = {
			isa = PBXFrameworksBuildPhase;
			buildActionMask = 2147483647;
			files = (
				5020DFDF1499AEB597D7A03B /* libPods-test.a in Frameworks */,
			);
			runOnlyForDeploymentPostprocessing = 0;
		};
/* End PBXFrameworksBuildPhase section */

/* Begin PBXGroup section */
		7AE365A274FCF04ED93D357F /* Pods */ = {
			isa = PBXGroup;
			children = (
				9DCD6A271F7F9ACFF55A9478 /* Pods-test.debug.xcconfig */,
				6406EA592D2A78699F6E9D33 /* Pods-test.release.xcconfig */,
				138627996849F038D7052A9E /* Pods-test.adhoc.xcconfig */,
			);
			path = Pods;
			sourceTree = "<group>";
		};
		D13CA842234050E700F9DE0B /* Support */ = {
			isa = PBXGroup;
			children = (
				D13CA8432340515700F9DE0B /* demo说明.txt */,
			);
			path = Support;
			sourceTree = "<group>";
		};
		D19881F52333251100AE84C0 /* BaseClass */ = {
			isa = PBXGroup;
			children = (
				D19881FA2333284000AE84C0 /* DAApiBase.h */,
				D19881F92333284000AE84C0 /* DAApiBase.m */,
				D19881F72333251F00AE84C0 /* ApiBase.h */,
				D19881F62333251F00AE84C0 /* ApiBase.m */,
			);
			path = BaseClass;
			sourceTree = "<group>";
		};
		D19881FD23335E8A00AE84C0 /* Tools */ = {
			isa = PBXGroup;
			children = (
				D19881FE23335EE200AE84C0 /* DATool.h */,
				D19881FF23335EE200AE84C0 /* DATool.m */,
				D1F0BEFD2406538B00B231A6 /* cpuUsageTool.h */,
				D1F0BEFE2406538B00B231A6 /* cpuUsageTool.m */,
			);
			path = Tools;
			sourceTree = "<group>";
		};
		D1ED2BC822C9FE8E0081BC26 = {
			isa = PBXGroup;
			children = (
				D1ED2BD322C9FE8E0081BC26 /* test */,
				D1ED2BD222C9FE8E0081BC26 /* Products */,
				7AE365A274FCF04ED93D357F /* Pods */,
				E828C5350185F474143D1CBB /* Frameworks */,
			);
			sourceTree = "<group>";
		};
		D1ED2BD222C9FE8E0081BC26 /* Products */ = {
			isa = PBXGroup;
			children = (
				D1ED2BD122C9FE8E0081BC26 /* test.app */,
			);
			name = Products;
			sourceTree = "<group>";
		};
		D1ED2BD322C9FE8E0081BC26 /* test */ = {
			isa = PBXGroup;
			children = (
				D1EF3F8E239F80220000F261 /* Libs */,
				D13CA842234050E700F9DE0B /* Support */,
				D19881FD23335E8A00AE84C0 /* Tools */,
				D19881F52333251100AE84C0 /* BaseClass */,
				D1ED2BD422C9FE8E0081BC26 /* AppDelegate.h */,
				D1ED2BD522C9FE8E0081BC26 /* AppDelegate.m */,
				D1ED2BD722C9FE8E0081BC26 /* ViewController.h */,
				D1ED2BD822C9FE8E0081BC26 /* ViewController.m */,
				D1ED2BEB22C9FEA30081BC26 /* SecondViewController.h */,
				D1ED2BEA22C9FEA30081BC26 /* SecondViewController.m */,
				D1F0BF00240654B700B231A6 /* CircleView.h */,
				D1F0BF01240654B700B231A6 /* CircleView.m */,
				D1ED2BDA22C9FE8E0081BC26 /* Main.storyboard */,
				D1ED2BDD22C9FE8F0081BC26 /* Assets.xcassets */,
				D1ED2BDF22C9FE8F0081BC26 /* LaunchScreen.storyboard */,
				D1ED2BE222C9FE8F0081BC26 /* Info.plist */,
				D1ED2BE322C9FE8F0081BC26 /* main.m */,
				D174F12B23321B0300FF1598 /* test.pch */,
				D19881FC23332A2000AE84C0 /* MicroConst.h */,
			);
			path = test;
			sourceTree = "<group>";
		};
		D1EF3F8E239F80220000F261 /* Libs */ = {
			isa = PBXGroup;
			children = (
			);
			path = Libs;
			sourceTree = "<group>";
		};
		E828C5350185F474143D1CBB /* Frameworks */ = {
			isa = PBXGroup;
			children = (
				96CA0FE89C7AE61308DCC9C7 /* libPods-test.a */,
			);
			name = Frameworks;
			sourceTree = "<group>";
		};
/* End PBXGroup section */

/* Begin PBXNativeTarget section */
		D1ED2BD022C9FE8E0081BC26 /* test */ = {
			isa = PBXNativeTarget;
			buildConfigurationList = D1ED2BE722C9FE8F0081BC26 /* Build configuration list for PBXNativeTarget "test" */;
			buildPhases = (
				669009B1112AEBAE58F1FA1C /* [CP] Check Pods Manifest.lock */,
				D1ED2BCD22C9FE8E0081BC26 /* Sources */,
				D1ED2BCE22C9FE8E0081BC26 /* Frameworks */,
				D1ED2BCF22C9FE8E0081BC26 /* Resources */,
				DDC6DD2680A7047D8F4F2298 /* [CP] Copy Pods Resources */,
				1B25E8E8A92888B07E0B0B04 /* [CP] Embed Pods Frameworks */,
			);
			buildRules = (
			);
			dependencies = (
			);
			name = test;
			productName = test;
			productReference = D1ED2BD122C9FE8E0081BC26 /* test.app */;
			productType = "com.apple.product-type.application";
		};
/* End PBXNativeTarget section */

/* Begin PBXProject section */
		D1ED2BC922C9FE8E0081BC26 /* Project object */ = {
			isa = PBXProject;
			attributes = {
				LastUpgradeCheck = 1020;
				ORGANIZATIONNAME = duia;
				TargetAttributes = {
					D1ED2BD022C9FE8E0081BC26 = {
						CreatedOnToolsVersion = 10.2;
					};
				};
			};
			buildConfigurationList = D1ED2BCC22C9FE8E0081BC26 /* Build configuration list for PBXProject "test" */;
			compatibilityVersion = "Xcode 9.3";
			developmentRegion = en;
			hasScannedForEncodings = 0;
			knownRegions = (
				en,
				Base,
			);
			mainGroup = D1ED2BC822C9FE8E0081BC26;
			productRefGroup = D1ED2BD222C9FE8E0081BC26 /* Products */;
			projectDirPath = "";
			projectRoot = "";
			targets = (
				D1ED2BD022C9FE8E0081BC26 /* test */,
			);
		};
/* End PBXProject section */

/* Begin PBXResourcesBuildPhase section */
		D1ED2BCF22C9FE8E0081BC26 /* Resources */ = {
			isa = PBXResourcesBuildPhase;
			buildActionMask = 2147483647;
			files = (
				D1ED2BE122C9FE8F0081BC26 /* LaunchScreen.storyboard in Resources */,
				D1ED2BDE22C9FE8F0081BC26 /* Assets.xcassets in Resources */,
				D1ED2BDC22C9FE8E0081BC26 /* Main.storyboard in Resources */,
				D13CA8442340515700F9DE0B /* demo说明.txt in Resources */,
			);
			runOnlyForDeploymentPostprocessing = 0;
		};
/* End PBXResourcesBuildPhase section */

/* Begin PBXShellScriptBuildPhase section */
		1B25E8E8A92888B07E0B0B04 /* [CP] Embed Pods Frameworks */ = {
			isa = PBXShellScriptBuildPhase;
			buildActionMask = 2147483647;
			files = (
			);
			inputFileListPaths = (
				"${PODS_ROOT}/Target Support Files/Pods-test/Pods-test-frameworks-${CONFIGURATION}-input-files.xcfilelist",
			);
			name = "[CP] Embed Pods Frameworks";
			outputFileListPaths = (
				"${PODS_ROOT}/Target Support Files/Pods-test/Pods-test-frameworks-${CONFIGURATION}-output-files.xcfilelist",
			);
			runOnlyForDeploymentPostprocessing = 0;
			shellPath = /bin/sh;
			shellScript = "\"${PODS_ROOT}/Target Support Files/Pods-test/Pods-test-frameworks.sh\"\n";
			showEnvVarsInLog = 0;
		};
		669009B1112AEBAE58F1FA1C /* [CP] Check Pods Manifest.lock */ = {
			isa = PBXShellScriptBuildPhase;
			buildActionMask = 2147483647;
			files = (
			);
			inputFileListPaths = (
			);
			inputPaths = (
				"${PODS_PODFILE_DIR_PATH}/Podfile.lock",
				"${PODS_ROOT}/Manifest.lock",
			);
			name = "[CP] Check Pods Manifest.lock";
			outputFileListPaths = (
			);
			outputPaths = (
				"$(DERIVED_FILE_DIR)/Pods-test-checkManifestLockResult.txt",
			);
			runOnlyForDeploymentPostprocessing = 0;
			shellPath = /bin/sh;
			shellScript = "diff \"${PODS_PODFILE_DIR_PATH}/Podfile.lock\" \"${PODS_ROOT}/Manifest.lock\" > /dev/null\nif [ $? != 0 ] ; then\n    # print error to STDERR\n    echo \"error: The sandbox is not in sync with the Podfile.lock. Run 'pod install' or update your CocoaPods installation.\" >&2\n    exit 1\nfi\n# This output is used by Xcode 'outputs' to avoid re-running this script phase.\necho \"SUCCESS\" > \"${SCRIPT_OUTPUT_FILE_0}\"\n";
			showEnvVarsInLog = 0;
		};
		DDC6DD2680A7047D8F4F2298 /* [CP] Copy Pods Resources */ = {
			isa = PBXShellScriptBuildPhase;
			buildActionMask = 2147483647;
			files = (
			);
			inputFileListPaths = (
				"${PODS_ROOT}/Target Support Files/Pods-test/Pods-test-resources-${CONFIGURATION}-input-files.xcfilelist",
			);
			name = "[CP] Copy Pods Resources";
			outputFileListPaths = (
				"${PODS_ROOT}/Target Support Files/Pods-test/Pods-test-resources-${CONFIGURATION}-output-files.xcfilelist",
			);
			runOnlyForDeploymentPostprocessing = 0;
			shellPath = /bin/sh;
			shellScript = "\"${PODS_ROOT}/Target Support Files/Pods-test/Pods-test-resources.sh\"\n";
			showEnvVarsInLog = 0;
		};
/* End PBXShellScriptBuildPhase section */

/* Begin PBXSourcesBuildPhase section */
		D1ED2BCD22C9FE8E0081BC26 /* Sources */ = {
			isa = PBXSourcesBuildPhase;
			buildActionMask = 2147483647;
			files = (
				D1ED2BEC22C9FEA30081BC26 /* SecondViewController.m in Sources */,
				D198820023335EE200AE84C0 /* DATool.m in Sources */,
				D1F0BF02240654B700B231A6 /* CircleView.m in Sources */,
				D1ED2BD922C9FE8E0081BC26 /* ViewController.m in Sources */,
				D1ED2BE422C9FE8F0081BC26 /* main.m in Sources */,
				D1F0BEFF2406538B00B231A6 /* cpuUsageTool.m in Sources */,
				D19881F82333252000AE84C0 /* ApiBase.m in Sources */,
				D19881FB2333284000AE84C0 /* DAApiBase.m in Sources */,
				D1ED2BD622C9FE8E0081BC26 /* AppDelegate.m in Sources */,
			);
			runOnlyForDeploymentPostprocessing = 0;
		};
/* End PBXSourcesBuildPhase section */

/* Begin PBXVariantGroup section */
		D1ED2BDA22C9FE8E0081BC26 /* Main.storyboard */ = {
			isa = PBXVariantGroup;
			children = (
				D1ED2BDB22C9FE8E0081BC26 /* Base */,
			);
			name = Main.storyboard;
			sourceTree = "<group>";
		};
		D1ED2BDF22C9FE8F0081BC26 /* LaunchScreen.storyboard */ = {
			isa = PBXVariantGroup;
			children = (
				D1ED2BE022C9FE8F0081BC26 /* Base */,
			);
			name = LaunchScreen.storyboard;
			sourceTree = "<group>";
		};
/* End PBXVariantGroup section */

/* Begin XCBuildConfiguration section */
		D19881F323331B9F00AE84C0 /* Adhoc */ = {
			isa = XCBuildConfiguration;
			buildSettings = {
				ALWAYS_SEARCH_USER_PATHS = NO;
				CLANG_ANALYZER_NONNULL = YES;
				CLANG_ANALYZER_NUMBER_OBJECT_CONVERSION = YES_AGGRESSIVE;
				CLANG_CXX_LANGUAGE_STANDARD = "gnu++14";
				CLANG_CXX_LIBRARY = "libc++";
				CLANG_ENABLE_MODULES = YES;
				CLANG_ENABLE_OBJC_ARC = YES;
				CLANG_ENABLE_OBJC_WEAK = YES;
				CLANG_WARN_BLOCK_CAPTURE_AUTORELEASING = YES;
				CLANG_WARN_BOOL_CONVERSION = YES;
				CLANG_WARN_COMMA = YES;
				CLANG_WARN_CONSTANT_CONVERSION = YES;
				CLANG_WARN_DEPRECATED_OBJC_IMPLEMENTATIONS = YES;
				CLANG_WARN_DIRECT_OBJC_ISA_USAGE = YES_ERROR;
				CLANG_WARN_DOCUMENTATION_COMMENTS = YES;
				CLANG_WARN_EMPTY_BODY = YES;
				CLANG_WARN_ENUM_CONVERSION = YES;
				CLANG_WARN_INFINITE_RECURSION = YES;
				CLANG_WARN_INT_CONVERSION = YES;
				CLANG_WARN_NON_LITERAL_NULL_CONVERSION = YES;
				CLANG_WARN_OBJC_IMPLICIT_RETAIN_SELF = YES;
				CLANG_WARN_OBJC_LITERAL_CONVERSION = YES;
				CLANG_WARN_OBJC_ROOT_CLASS = YES_ERROR;
				CLANG_WARN_RANGE_LOOP_ANALYSIS = YES;
				CLANG_WARN_STRICT_PROTOTYPES = YES;
				CLANG_WARN_SUSPICIOUS_MOVE = YES;
				CLANG_WARN_UNGUARDED_AVAILABILITY = YES_AGGRESSIVE;
				CLANG_WARN_UNREACHABLE_CODE = YES;
				CLANG_WARN__DUPLICATE_METHOD_MATCH = YES;
				CODE_SIGN_IDENTITY = "iPhone Developer";
				COPY_PHASE_STRIP = NO;
				DEBUG_INFORMATION_FORMAT = "dwarf-with-dsym";
				ENABLE_NS_ASSERTIONS = NO;
				ENABLE_STRICT_OBJC_MSGSEND = YES;
				GCC_C_LANGUAGE_STANDARD = gnu11;
				GCC_NO_COMMON_BLOCKS = YES;
				GCC_WARN_64_TO_32_BIT_CONVERSION = YES;
				GCC_WARN_ABOUT_RETURN_TYPE = YES_ERROR;
				GCC_WARN_UNDECLARED_SELECTOR = YES;
				GCC_WARN_UNINITIALIZED_AUTOS = YES_AGGRESSIVE;
				GCC_WARN_UNUSED_FUNCTION = YES;
				GCC_WARN_UNUSED_VARIABLE = YES;
				IPHONEOS_DEPLOYMENT_TARGET = 12.2;
				MTL_ENABLE_DEBUG_INFO = NO;
				MTL_FAST_MATH = YES;
				SDKROOT = iphoneos;
				VALIDATE_PRODUCT = YES;
			};
			name = Adhoc;
		};
		D19881F423331B9F00AE84C0 /* Adhoc */ = {
			isa = XCBuildConfiguration;
			baseConfigurationReference = 138627996849F038D7052A9E /* Pods-test.adhoc.xcconfig */;
			buildSettings = {
				ASSETCATALOG_COMPILER_APPICON_NAME = AppIcon;
				CODE_SIGN_IDENTITY = "iPhone Developer";
				CODE_SIGN_STYLE = Automatic;
				DEVELOPMENT_TEAM = XQ8CMT39QL;
				ENABLE_BITCODE = NO;
				GCC_PREFIX_HEADER = test/test.pch;
				INFOPLIST_FILE = test/Info.plist;
				IPHONEOS_DEPLOYMENT_TARGET = 10;
				LD_GENERATE_MAP_FILE = YES;
				LD_RUNPATH_SEARCH_PATHS = (
					"$(inherited)",
					"@executable_path/Frameworks",
				);
				PRODUCT_BUNDLE_IDENTIFIER = duia.com.test;
				PRODUCT_NAME = "$(TARGET_NAME)";
				PROVISIONING_PROFILE_SPECIFIER = "";
				TARGETED_DEVICE_FAMILY = "1,2";
			};
			name = Adhoc;
		};
		D1ED2BE522C9FE8F0081BC26 /* Debug */ = {
			isa = XCBuildConfiguration;
			buildSettings = {
				ALWAYS_SEARCH_USER_PATHS = NO;
				CLANG_ANALYZER_NONNULL = YES;
				CLANG_ANALYZER_NUMBER_OBJECT_CONVERSION = YES_AGGRESSIVE;
				CLANG_CXX_LANGUAGE_STANDARD = "gnu++14";
				CLANG_CXX_LIBRARY = "libc++";
				CLANG_ENABLE_MODULES = YES;
				CLANG_ENABLE_OBJC_ARC = YES;
				CLANG_ENABLE_OBJC_WEAK = YES;
				CLANG_WARN_BLOCK_CAPTURE_AUTORELEASING = YES;
				CLANG_WARN_BOOL_CONVERSION = YES;
				CLANG_WARN_COMMA = YES;
				CLANG_WARN_CONSTANT_CONVERSION = YES;
				CLANG_WARN_DEPRECATED_OBJC_IMPLEMENTATIONS = YES;
				CLANG_WARN_DIRECT_OBJC_ISA_USAGE = YES_ERROR;
				CLANG_WARN_DOCUMENTATION_COMMENTS = YES;
				CLANG_WARN_EMPTY_BODY = YES;
				CLANG_WARN_ENUM_CONVERSION = YES;
				CLANG_WARN_INFINITE_RECURSION = YES;
				CLANG_WARN_INT_CONVERSION = YES;
				CLANG_WARN_NON_LITERAL_NULL_CONVERSION = YES;
				CLANG_WARN_OBJC_IMPLICIT_RETAIN_SELF = YES;
				CLANG_WARN_OBJC_LITERAL_CONVERSION = YES;
				CLANG_WARN_OBJC_ROOT_CLASS = YES_ERROR;
				CLANG_WARN_RANGE_LOOP_ANALYSIS = YES;
				CLANG_WARN_STRICT_PROTOTYPES = YES;
				CLANG_WARN_SUSPICIOUS_MOVE = YES;
				CLANG_WARN_UNGUARDED_AVAILABILITY = YES_AGGRESSIVE;
				CLANG_WARN_UNREACHABLE_CODE = YES;
				CLANG_WARN__DUPLICATE_METHOD_MATCH = YES;
				CODE_SIGN_IDENTITY = "iPhone Developer";
				COPY_PHASE_STRIP = NO;
				DEBUG_INFORMATION_FORMAT = dwarf;
				ENABLE_STRICT_OBJC_MSGSEND = YES;
				ENABLE_TESTABILITY = YES;
				GCC_C_LANGUAGE_STANDARD = gnu11;
				GCC_DYNAMIC_NO_PIC = NO;
				GCC_NO_COMMON_BLOCKS = YES;
				GCC_OPTIMIZATION_LEVEL = 0;
				GCC_PREPROCESSOR_DEFINITIONS = (
					"DEBUG=1",
					"$(inherited)",
				);
				GCC_WARN_64_TO_32_BIT_CONVERSION = YES;
				GCC_WARN_ABOUT_RETURN_TYPE = YES_ERROR;
				GCC_WARN_UNDECLARED_SELECTOR = YES;
				GCC_WARN_UNINITIALIZED_AUTOS = YES_AGGRESSIVE;
				GCC_WARN_UNUSED_FUNCTION = YES;
				GCC_WARN_UNUSED_VARIABLE = YES;
				IPHONEOS_DEPLOYMENT_TARGET = 12.2;
				MTL_ENABLE_DEBUG_INFO = INCLUDE_SOURCE;
				MTL_FAST_MATH = YES;
				ONLY_ACTIVE_ARCH = YES;
				SDKROOT = iphoneos;
			};
			name = Debug;
		};
		D1ED2BE622C9FE8F0081BC26 /* Release */ = {
			isa = XCBuildConfiguration;
			buildSettings = {
				ALWAYS_SEARCH_USER_PATHS = NO;
				CLANG_ANALYZER_NONNULL = YES;
				CLANG_ANALYZER_NUMBER_OBJECT_CONVERSION = YES_AGGRESSIVE;
				CLANG_CXX_LANGUAGE_STANDARD = "gnu++14";
				CLANG_CXX_LIBRARY = "libc++";
				CLANG_ENABLE_MODULES = YES;
				CLANG_ENABLE_OBJC_ARC = YES;
				CLANG_ENABLE_OBJC_WEAK = YES;
				CLANG_WARN_BLOCK_CAPTURE_AUTORELEASING = YES;
				CLANG_WARN_BOOL_CONVERSION = YES;
				CLANG_WARN_COMMA = YES;
				CLANG_WARN_CONSTANT_CONVERSION = YES;
				CLANG_WARN_DEPRECATED_OBJC_IMPLEMENTATIONS = YES;
				CLANG_WARN_DIRECT_OBJC_ISA_USAGE = YES_ERROR;
				CLANG_WARN_DOCUMENTATION_COMMENTS = YES;
				CLANG_WARN_EMPTY_BODY = YES;
				CLANG_WARN_ENUM_CONVERSION = YES;
				CLANG_WARN_INFINITE_RECURSION = YES;
				CLANG_WARN_INT_CONVERSION = YES;
				CLANG_WARN_NON_LITERAL_NULL_CONVERSION = YES;
				CLANG_WARN_OBJC_IMPLICIT_RETAIN_SELF = YES;
				CLANG_WARN_OBJC_LITERAL_CONVERSION = YES;
				CLANG_WARN_OBJC_ROOT_CLASS = YES_ERROR;
				CLANG_WARN_RANGE_LOOP_ANALYSIS = YES;
				CLANG_WARN_STRICT_PROTOTYPES = YES;
				CLANG_WARN_SUSPICIOUS_MOVE = YES;
				CLANG_WARN_UNGUARDED_AVAILABILITY = YES_AGGRESSIVE;
				CLANG_WARN_UNREACHABLE_CODE = YES;
				CLANG_WARN__DUPLICATE_METHOD_MATCH = YES;
				CODE_SIGN_IDENTITY = "iPhone Developer";
				COPY_PHASE_STRIP = NO;
				DEBUG_INFORMATION_FORMAT = "dwarf-with-dsym";
				ENABLE_NS_ASSERTIONS = NO;
				ENABLE_STRICT_OBJC_MSGSEND = YES;
				GCC_C_LANGUAGE_STANDARD = gnu11;
				GCC_NO_COMMON_BLOCKS = YES;
				GCC_WARN_64_TO_32_BIT_CONVERSION = YES;
				GCC_WARN_ABOUT_RETURN_TYPE = YES_ERROR;
				GCC_WARN_UNDECLARED_SELECTOR = YES;
				GCC_WARN_UNINITIALIZED_AUTOS = YES_AGGRESSIVE;
				GCC_WARN_UNUSED_FUNCTION = YES;
				GCC_WARN_UNUSED_VARIABLE = YES;
				IPHONEOS_DEPLOYMENT_TARGET = 12.2;
				MTL_ENABLE_DEBUG_INFO = NO;
				MTL_FAST_MATH = YES;
				SDKROOT = iphoneos;
				VALIDATE_PRODUCT = YES;
			};
			name = Release;
		};
		D1ED2BE822C9FE8F0081BC26 /* Debug */ = {
			isa = XCBuildConfiguration;
			baseConfigurationReference = 9DCD6A271F7F9ACFF55A9478 /* Pods-test.debug.xcconfig */;
			buildSettings = {
				ASSETCATALOG_COMPILER_APPICON_NAME = AppIcon;
				CODE_SIGN_IDENTITY = "iPhone Developer";
				CODE_SIGN_STYLE = Automatic;
				DEVELOPMENT_TEAM = XQ8CMT39QL;
				ENABLE_BITCODE = NO;
				GCC_PREFIX_HEADER = test/test.pch;
				GCC_PREPROCESSOR_DEFINITIONS = (
					"$(inherited)",
					"COCOAPODS=1",
					"${inherited}",
					"NSLOGGER_WAS_HERE=1",
					"NSLOGGER_BUILD_USERNAME=\"${USER}\"",
					"LOGGER_TARGET=@\\\"$(USER)\\\"",
				);
				INFOPLIST_FILE = test/Info.plist;
				IPHONEOS_DEPLOYMENT_TARGET = 10;
				LD_GENERATE_MAP_FILE = YES;
				LD_MAP_FILE_PATH = "/Users/lwg/Desktop/$(PRODUCT_NAME)-LinkMap-$(CURRENT_VARIANT)-$(CURRENT_ARCH).txt";
				LD_RUNPATH_SEARCH_PATHS = (
					"$(inherited)",
					"@executable_path/Frameworks",
				);
				PRODUCT_BUNDLE_IDENTIFIER = duia.com.test;
				PRODUCT_NAME = "$(TARGET_NAME)";
				PROVISIONING_PROFILE_SPECIFIER = "";
				TARGETED_DEVICE_FAMILY = "1,2";
			};
			name = Debug;
		};
		D1ED2BE922C9FE8F0081BC26 /* Release */ = {
			isa = XCBuildConfiguration;
			baseConfigurationReference = 6406EA592D2A78699F6E9D33 /* Pods-test.release.xcconfig */;
			buildSettings = {
				ASSETCATALOG_COMPILER_APPICON_NAME = AppIcon;
				CODE_SIGN_IDENTITY = "iPhone Developer";
				CODE_SIGN_STYLE = Automatic;
				DEVELOPMENT_TEAM = XQ8CMT39QL;
				ENABLE_BITCODE = NO;
				GCC_PREFIX_HEADER = test/test.pch;
				INFOPLIST_FILE = test/Info.plist;
				IPHONEOS_DEPLOYMENT_TARGET = 10;
				LD_GENERATE_MAP_FILE = YES;
				LD_RUNPATH_SEARCH_PATHS = (
					"$(inherited)",
					"@executable_path/Frameworks",
				);
				PRODUCT_BUNDLE_IDENTIFIER = duia.com.test;
				PRODUCT_NAME = "$(TARGET_NAME)";
				PROVISIONING_PROFILE_SPECIFIER = "";
				TARGETED_DEVICE_FAMILY = "1,2";
			};
			name = Release;
		};
/* End XCBuildConfiguration section */

/* Begin XCConfigurationList section */
		D1ED2BCC22C9FE8E0081BC26 /* Build configuration list for PBXProject "test" */ = {
			isa = XCConfigurationList;
			buildConfigurations = (
				D1ED2BE522C9FE8F0081BC26 /* Debug */,
				D1ED2BE622C9FE8F0081BC26 /* Release */,
				D19881F323331B9F00AE84C0 /* Adhoc */,
			);
			defaultConfigurationIsVisible = 0;
			defaultConfigurationName = Release;
		};
		D1ED2BE722C9FE8F0081BC26 /* Build configuration list for PBXNativeTarget "test" */ = {
			isa = XCConfigurationList;
			buildConfigurations = (
				D1ED2BE822C9FE8F0081BC26 /* Debug */,
				D1ED2BE922C9FE8F0081BC26 /* Release */,
				D19881F423331B9F00AE84C0 /* Adhoc */,
			);
			defaultConfigurationIsVisible = 0;
			defaultConfigurationName = Release;
		};
/* End XCConfigurationList section */
	};
	rootObject = D1ED2BC922C9FE8E0081BC26 /* Project object */;
}
